
Microsoft Visual Studio Solution File, Format Version 12.00
# Visual Studio Version 16
VisualStudioVersion = 16.0.29102.190
MinimumVisualStudioVersion = 10.0.40219.1
Project("{FAE04EC0-301F-11D3-BF4B-00C04F79EFBC}") = "NGDR_Server", "NGDR_Server.csproj", "{7D3995B2-2591-4ABC-A692-EAF3A143F4D2}"
EndProject
Global
	GlobalSection(SolutionConfigurationPlatforms) = preSolution
		Debug|Any CPU = Debug|Any CPU
		Release|Any CPU = Release|Any CPU
	EndGlobalSection
	GlobalSection(ProjectConfigurationPlatforms) = postSolution
		{7D3995B2-2591-4ABC-A692-EAF3A143F4D2}.Debug|Any CPU.ActiveCfg = Debug|Any CPU
		{7D3995B2-2591-4ABC-A692-EAF3A143F4D2}.Debug|Any CPU.Build.0 = Debug|Any CPU
		{7D3995B2-2591-4ABC-A692-EAF3A143F4D2}.Release|Any CPU.ActiveCfg = Release|Any CPU
		{7D3995B2-2591-4ABC-A692-EAF3A143F4D2}.Release|Any CPU.Build.0 = Release|Any CPU
	EndGlobalSection
	GlobalSection(SolutionProperties) = preSolution
		HideSolutionNode = FALSE
	EndGlobalSection
	GlobalSection(ExtensibilityGlobals) = postSolution
		SolutionGuid = {FFA01752-8C55-4A0E-9367-482D4223146F}
	EndGlobalSection
EndGlobal
